// !$*UTF8*$!
{
	archiveVersion = 1;
	classes = {
	};
	objectVersion = 56;
	objects = {

/* Begin PBXBuildFile section */
		E0139C6128DFFE55006DC789 /* AppDelegate.swift in Sources */ = {isa = PBXBuildFile; fileRef = E0139C6028DFFE55006DC789 /* AppDelegate.swift */; };
		E0139C6328DFFE55006DC789 /* SceneDelegate.swift in Sources */ = {isa = PBXBuildFile; fileRef = E0139C6228DFFE55006DC789 /* SceneDelegate.swift */; };
		E0139C6528DFFE55006DC789 /* CustomerCenterVC.swift in Sources */ = {isa = PBXBuildFile; fileRef = E0139C6428DFFE55006DC789 /* CustomerCenterVC.swift */; };
		E0139C6828DFFE55006DC789 /* Main.storyboard in Resources */ = {isa = PBXBuildFile; fileRef = E0139C6628DFFE55006DC789 /* Main.storyboard */; };
		E0139C6A28DFFE56006DC789 /* Assets.xcassets in Resources */ = {isa = PBXBuildFile; fileRef = E0139C6928DFFE56006DC789 /* Assets.xcassets */; };
		E0139C6D28DFFE56006DC789 /* LaunchScreen.storyboard in Resources */ = {isa = PBXBuildFile; fileRef = E0139C6B28DFFE56006DC789 /* LaunchScreen.storyboard */; };
		E0139C7A28E0123A006DC789 /* CustomNavigatonBar.swift in Sources */ = {isa = PBXBuildFile; fileRef = E0139C7928E0123A006DC789 /* CustomNavigatonBar.swift */; };
		E0139C7D28E0126F006DC789 /* SnapKit in Frameworks */ = {isa = PBXBuildFile; productRef = E0139C7C28E0126F006DC789 /* SnapKit */; };
		E0139C8328E012F0006DC789 /* UIView+EXT.swift in Sources */ = {isa = PBXBuildFile; fileRef = E0139C8228E012F0006DC789 /* UIView+EXT.swift */; };
		E0139C8528E01388006DC789 /* Int+EXT.swift in Sources */ = {isa = PBXBuildFile; fileRef = E0139C8428E01388006DC789 /* Int+EXT.swift */; };
		E0139C8728E013D0006DC789 /* UILabel+EXT.swift in Sources */ = {isa = PBXBuildFile; fileRef = E0139C8628E013D0006DC789 /* UILabel+EXT.swift */; };
		E0139C8F28E02619006DC789 /* UIFont+EXT.swift in Sources */ = {isa = PBXBuildFile; fileRef = E0139C8E28E02619006DC789 /* UIFont+EXT.swift */; };
		E0139C9228E13450006DC789 /* BasePaddingLabel.swift in Sources */ = {isa = PBXBuildFile; fileRef = E0139C9128E13450006DC789 /* BasePaddingLabel.swift */; };
		E0139C9428E13C4C006DC789 /* CustomTextField.swift in Sources */ = {isa = PBXBuildFile; fileRef = E0139C9328E13C4C006DC789 /* CustomTextField.swift */; };
		E0139C9728E15FA4006DC789 /* CategoryCVC.swift in Sources */ = {isa = PBXBuildFile; fileRef = E0139C9528E15FA4006DC789 /* CategoryCVC.swift */; };
		E0139C9A28E163D2006DC789 /* CategoryModel.swift in Sources */ = {isa = PBXBuildFile; fileRef = E0139C9928E163D1006DC789 /* CategoryModel.swift */; };
		E0139C9E28E2A47D006DC789 /* CategoryHeader.swift in Sources */ = {isa = PBXBuildFile; fileRef = E0139C9C28E2A47D006DC789 /* CategoryHeader.swift */; };
		E0139CAB28E2CADF006DC789 /* CategoryCVC.xib in Resources */ = {isa = PBXBuildFile; fileRef = E0139CAA28E2CADF006DC789 /* CategoryCVC.xib */; };
		E0139CAD28E2DC2D006DC789 /* CategoryHeader.xib in Resources */ = {isa = PBXBuildFile; fileRef = E0139CAC28E2DC2D006DC789 /* CategoryHeader.xib */; };
		E0139CB028E3DB5D006DC789 /* RecommendedcategoryCVC.swift in Sources */ = {isa = PBXBuildFile; fileRef = E0139CAE28E3DB5D006DC789 /* RecommendedcategoryCVC.swift */; };
		E0139CB328E3DC34006DC789 /* RecommendedcategoryCVC.xib in Resources */ = {isa = PBXBuildFile; fileRef = E0139CB228E3DC34006DC789 /* RecommendedcategoryCVC.xib */; };
		E0139CB528E3E538006DC789 /* VerticalCategoryCVC.swift in Sources */ = {isa = PBXBuildFile; fileRef = E0139CB428E3E538006DC789 /* VerticalCategoryCVC.swift */; };
		E0139CB728E3E549006DC789 /* VerticalCategoryCVC.xib in Resources */ = {isa = PBXBuildFile; fileRef = E0139CB628E3E549006DC789 /* VerticalCategoryCVC.xib */; };
		E0139CBB28E4388C006DC789 /* CategoryFooter.swift in Sources */ = {isa = PBXBuildFile; fileRef = E0139CBA28E4388C006DC789 /* CategoryFooter.swift */; };
		E0139CBD28E438A3006DC789 /* CategoryFooter.xib in Resources */ = {isa = PBXBuildFile; fileRef = E0139CBC28E438A3006DC789 /* CategoryFooter.xib */; };
		E0139CBF28E43AC4006DC789 /* DetailCategoryHeader.swift in Sources */ = {isa = PBXBuildFile; fileRef = E0139CBE28E43AC4006DC789 /* DetailCategoryHeader.swift */; };
		E0139CC128E43ADF006DC789 /* DetailCategoryHeader.xib in Resources */ = {isa = PBXBuildFile; fileRef = E0139CC028E43ADF006DC789 /* DetailCategoryHeader.xib */; };
		E0FC2A4A28EA9A2400055538 /* DetailCategoryFooter.swift in Sources */ = {isa = PBXBuildFile; fileRef = E0FC2A4928EA9A2300055538 /* DetailCategoryFooter.swift */; };
		E0FC2A4C28EA9A3200055538 /* DetailCategoryFooter.xib in Resources */ = {isa = PBXBuildFile; fileRef = E0FC2A4B28EA9A3200055538 /* DetailCategoryFooter.xib */; };
		F26D1A6028E2EFBC000976DB /* NanumGothic-Regular.ttf in Resources */ = {isa = PBXBuildFile; fileRef = F26D1A5D28E2EFBC000976DB /* NanumGothic-Regular.ttf */; };
		F26D1A6128E2EFBC000976DB /* NanumGothic-Bold.ttf in Resources */ = {isa = PBXBuildFile; fileRef = F26D1A5E28E2EFBC000976DB /* NanumGothic-Bold.ttf */; };
		F26D1A6228E2EFBC000976DB /* NanumGothic-ExtraBold.ttf in Resources */ = {isa = PBXBuildFile; fileRef = F26D1A5F28E2EFBC000976DB /* NanumGothic-ExtraBold.ttf */; };
/* End PBXBuildFile section */

/* Begin PBXFileReference section */
		E0139C5D28DFFE55006DC789 /* Dailly_Challenge_CommunityList.app */ = {isa = PBXFileReference; explicitFileType = wrapper.application; includeInIndex = 0; path = Dailly_Challenge_CommunityList.app; sourceTree = BUILT_PRODUCTS_DIR; };
		E0139C6028DFFE55006DC789 /* AppDelegate.swift */ = {isa = PBXFileReference; lastKnownFileType = sourcecode.swift; path = AppDelegate.swift; sourceTree = "<group>"; };
		E0139C6228DFFE55006DC789 /* SceneDelegate.swift */ = {isa = PBXFileReference; lastKnownFileType = sourcecode.swift; path = SceneDelegate.swift; sourceTree = "<group>"; };
		E0139C6428DFFE55006DC789 /* CustomerCenterVC.swift */ = {isa = PBXFileReference; lastKnownFileType = sourcecode.swift; path = CustomerCenterVC.swift; sourceTree = "<group>"; };
		E0139C6728DFFE55006DC789 /* Base */ = {isa = PBXFileReference; lastKnownFileType = file.storyboard; name = Base; path = Base.lproj/Main.storyboard; sourceTree = "<group>"; };
		E0139C6928DFFE56006DC789 /* Assets.xcassets */ = {isa = PBXFileReference; lastKnownFileType = folder.assetcatalog; path = Assets.xcassets; sourceTree = "<group>"; };
		E0139C6C28DFFE56006DC789 /* Base */ = {isa = PBXFileReference; lastKnownFileType = file.storyboard; name = Base; path = Base.lproj/LaunchScreen.storyboard; sourceTree = "<group>"; };
		E0139C6E28DFFE56006DC789 /* Info.plist */ = {isa = PBXFileReference; lastKnownFileType = text.plist.xml; path = Info.plist; sourceTree = "<group>"; };
		E0139C7928E0123A006DC789 /* CustomNavigatonBar.swift */ = {isa = PBXFileReference; lastKnownFileType = sourcecode.swift; path = CustomNavigatonBar.swift; sourceTree = "<group>"; };
		E0139C8228E012F0006DC789 /* UIView+EXT.swift */ = {isa = PBXFileReference; lastKnownFileType = sourcecode.swift; path = "UIView+EXT.swift"; sourceTree = "<group>"; };
		E0139C8428E01388006DC789 /* Int+EXT.swift */ = {isa = PBXFileReference; lastKnownFileType = sourcecode.swift; path = "Int+EXT.swift"; sourceTree = "<group>"; };
		E0139C8628E013D0006DC789 /* UILabel+EXT.swift */ = {isa = PBXFileReference; lastKnownFileType = sourcecode.swift; path = "UILabel+EXT.swift"; sourceTree = "<group>"; };
		E0139C8E28E02619006DC789 /* UIFont+EXT.swift */ = {isa = PBXFileReference; lastKnownFileType = sourcecode.swift; path = "UIFont+EXT.swift"; sourceTree = "<group>"; };
		E0139C9128E13450006DC789 /* BasePaddingLabel.swift */ = {isa = PBXFileReference; lastKnownFileType = sourcecode.swift; path = BasePaddingLabel.swift; sourceTree = "<group>"; };
		E0139C9328E13C4C006DC789 /* CustomTextField.swift */ = {isa = PBXFileReference; lastKnownFileType = sourcecode.swift; path = CustomTextField.swift; sourceTree = "<group>"; };
		E0139C9528E15FA4006DC789 /* CategoryCVC.swift */ = {isa = PBXFileReference; lastKnownFileType = sourcecode.swift; path = CategoryCVC.swift; sourceTree = "<group>"; };
		E0139C9928E163D1006DC789 /* CategoryModel.swift */ = {isa = PBXFileReference; lastKnownFileType = sourcecode.swift; path = CategoryModel.swift; sourceTree = "<group>"; };
		E0139C9C28E2A47D006DC789 /* CategoryHeader.swift */ = {isa = PBXFileReference; lastKnownFileType = sourcecode.swift; path = CategoryHeader.swift; sourceTree = "<group>"; };
		E0139CAA28E2CADF006DC789 /* CategoryCVC.xib */ = {isa = PBXFileReference; lastKnownFileType = file.xib; path = CategoryCVC.xib; sourceTree = "<group>"; };
		E0139CAC28E2DC2D006DC789 /* CategoryHeader.xib */ = {isa = PBXFileReference; lastKnownFileType = file.xib; path = CategoryHeader.xib; sourceTree = "<group>"; };
		E0139CAE28E3DB5D006DC789 /* RecommendedcategoryCVC.swift */ = {isa = PBXFileReference; lastKnownFileType = sourcecode.swift; path = RecommendedcategoryCVC.swift; sourceTree = "<group>"; };
		E0139CB228E3DC34006DC789 /* RecommendedcategoryCVC.xib */ = {isa = PBXFileReference; lastKnownFileType = file.xib; path = RecommendedcategoryCVC.xib; sourceTree = "<group>"; };
		E0139CB428E3E538006DC789 /* VerticalCategoryCVC.swift */ = {isa = PBXFileReference; lastKnownFileType = sourcecode.swift; path = VerticalCategoryCVC.swift; sourceTree = "<group>"; };
		E0139CB628E3E549006DC789 /* VerticalCategoryCVC.xib */ = {isa = PBXFileReference; lastKnownFileType = file.xib; path = VerticalCategoryCVC.xib; sourceTree = "<group>"; };
		E0139CBA28E4388C006DC789 /* CategoryFooter.swift */ = {isa = PBXFileReference; lastKnownFileType = sourcecode.swift; path = CategoryFooter.swift; sourceTree = "<group>"; };
		E0139CBC28E438A3006DC789 /* CategoryFooter.xib */ = {isa = PBXFileReference; lastKnownFileType = file.xib; path = CategoryFooter.xib; sourceTree = "<group>"; };
		E0139CBE28E43AC4006DC789 /* DetailCategoryHeader.swift */ = {isa = PBXFileReference; lastKnownFileType = sourcecode.swift; path = DetailCategoryHeader.swift; sourceTree = "<group>"; };
		E0139CC028E43ADF006DC789 /* DetailCategoryHeader.xib */ = {isa = PBXFileReference; lastKnownFileType = file.xib; path = DetailCategoryHeader.xib; sourceTree = "<group>"; };
		E0FC2A4928EA9A2300055538 /* DetailCategoryFooter.swift */ = {isa = PBXFileReference; lastKnownFileType = sourcecode.swift; path = DetailCategoryFooter.swift; sourceTree = "<group>"; };
		E0FC2A4B28EA9A3200055538 /* DetailCategoryFooter.xib */ = {isa = PBXFileReference; lastKnownFileType = file.xib; path = DetailCategoryFooter.xib; sourceTree = "<group>"; };
		F26D1A5D28E2EFBC000976DB /* NanumGothic-Regular.ttf */ = {isa = PBXFileReference; lastKnownFileType = file; path = "NanumGothic-Regular.ttf"; sourceTree = "<group>"; };
		F26D1A5E28E2EFBC000976DB /* NanumGothic-Bold.ttf */ = {isa = PBXFileReference; lastKnownFileType = file; path = "NanumGothic-Bold.ttf"; sourceTree = "<group>"; };
		F26D1A5F28E2EFBC000976DB /* NanumGothic-ExtraBold.ttf */ = {isa = PBXFileReference; lastKnownFileType = file; path = "NanumGothic-ExtraBold.ttf"; sourceTree = "<group>"; };
/* End PBXFileReference section */

/* Begin PBXFrameworksBuildPhase section */
		E0139C5A28DFFE55006DC789 /* Frameworks */ = {
			isa = PBXFrameworksBuildPhase;
			buildActionMask = 2147483647;
			files = (
				E0139C7D28E0126F006DC789 /* SnapKit in Frameworks */,
			);
			runOnlyForDeploymentPostprocessing = 0;
		};
/* End PBXFrameworksBuildPhase section */

/* Begin PBXGroup section */
		E0139C5428DFFE55006DC789 = {
			isa = PBXGroup;
			children = (
				E0139C5F28DFFE55006DC789 /* Dailly_Challenge_CommunityList */,
				E0139C5E28DFFE55006DC789 /* Products */,
			);
			sourceTree = "<group>";
		};
		E0139C5E28DFFE55006DC789 /* Products */ = {
			isa = PBXGroup;
			children = (
				E0139C5D28DFFE55006DC789 /* Dailly_Challenge_CommunityList.app */,
			);
			name = Products;
			sourceTree = "<group>";
		};
		E0139C5F28DFFE55006DC789 /* Dailly_Challenge_CommunityList */ = {
			isa = PBXGroup;
			children = (
				E0139C6028DFFE55006DC789 /* AppDelegate.swift */,
				E0139C6228DFFE55006DC789 /* SceneDelegate.swift */,
				E0139C7E28E012A0006DC789 /* Fonts */,
				E0139C7828E0121F006DC789 /* Custom */,
				E0139C7728E01194006DC789 /* EXT */,
				E0139C7628E0118D006DC789 /* Models */,
				E0139C7528E01184006DC789 /* Views */,
				E0139C7428E0117C006DC789 /* Controllers */,
				E0139C6928DFFE56006DC789 /* Assets.xcassets */,
				E0139C6E28DFFE56006DC789 /* Info.plist */,
			);
			path = Dailly_Challenge_CommunityList;
			sourceTree = "<group>";
		};
		E0139C7428E0117C006DC789 /* Controllers */ = {
			isa = PBXGroup;
			children = (
				E0139C6428DFFE55006DC789 /* CustomerCenterVC.swift */,
			);
			path = Controllers;
			sourceTree = "<group>";
		};
		E0139C7528E01184006DC789 /* Views */ = {
			isa = PBXGroup;
			children = (
				E0139CB928E43837006DC789 /* Footer */,
				E0139CB828E43828006DC789 /* Header */,
				E0139C9B28E2A447006DC789 /* Cells */,
				E0139C6B28DFFE56006DC789 /* LaunchScreen.storyboard */,
				E0139C6628DFFE55006DC789 /* Main.storyboard */,
			);
			path = Views;
			sourceTree = "<group>";
		};
		E0139C7628E0118D006DC789 /* Models */ = {
			isa = PBXGroup;
			children = (
				E0139C9928E163D1006DC789 /* CategoryModel.swift */,
			);
			path = Models;
			sourceTree = "<group>";
		};
		E0139C7728E01194006DC789 /* EXT */ = {
			isa = PBXGroup;
			children = (
				E0139C8228E012F0006DC789 /* UIView+EXT.swift */,
				E0139C8428E01388006DC789 /* Int+EXT.swift */,
				E0139C8628E013D0006DC789 /* UILabel+EXT.swift */,
				E0139C8E28E02619006DC789 /* UIFont+EXT.swift */,
			);
			path = EXT;
			sourceTree = "<group>";
		};
		E0139C7828E0121F006DC789 /* Custom */ = {
			isa = PBXGroup;
			children = (
				E0139C7928E0123A006DC789 /* CustomNavigatonBar.swift */,
				E0139C9128E13450006DC789 /* BasePaddingLabel.swift */,
				E0139C9328E13C4C006DC789 /* CustomTextField.swift */,
			);
			path = Custom;
			sourceTree = "<group>";
		};
		E0139C7E28E012A0006DC789 /* Fonts */ = {
			isa = PBXGroup;
			children = (
				F26D1A5E28E2EFBC000976DB /* NanumGothic-Bold.ttf */,
				F26D1A5F28E2EFBC000976DB /* NanumGothic-ExtraBold.ttf */,
				F26D1A5D28E2EFBC000976DB /* NanumGothic-Regular.ttf */,
			);
			path = Fonts;
			sourceTree = "<group>";
		};
		E0139C9B28E2A447006DC789 /* Cells */ = {
			isa = PBXGroup;
			children = (
				E0139C9528E15FA4006DC789 /* CategoryCVC.swift */,
				E0139CAA28E2CADF006DC789 /* CategoryCVC.xib */,
				E0139CAE28E3DB5D006DC789 /* RecommendedcategoryCVC.swift */,
				E0139CB228E3DC34006DC789 /* RecommendedcategoryCVC.xib */,
				E0139CB428E3E538006DC789 /* VerticalCategoryCVC.swift */,
				E0139CB628E3E549006DC789 /* VerticalCategoryCVC.xib */,
			);
			path = Cells;
			sourceTree = "<group>";
		};
		E0139CB828E43828006DC789 /* Header */ = {
			isa = PBXGroup;
			children = (
				E0139C9C28E2A47D006DC789 /* CategoryHeader.swift */,
				E0139CAC28E2DC2D006DC789 /* CategoryHeader.xib */,
				E0139CBE28E43AC4006DC789 /* DetailCategoryHeader.swift */,
				E0139CC028E43ADF006DC789 /* DetailCategoryHeader.xib */,
			);
			path = Header;
			sourceTree = "<group>";
		};
		E0139CB928E43837006DC789 /* Footer */ = {
			isa = PBXGroup;
			children = (
				E0139CBA28E4388C006DC789 /* CategoryFooter.swift */,
				E0139CBC28E438A3006DC789 /* CategoryFooter.xib */,
				E0FC2A4928EA9A2300055538 /* DetailCategoryFooter.swift */,
				E0FC2A4B28EA9A3200055538 /* DetailCategoryFooter.xib */,
			);
			path = Footer;
			sourceTree = "<group>";
		};
/* End PBXGroup section */

/* Begin PBXNativeTarget section */
		E0139C5C28DFFE55006DC789 /* Dailly_Challenge_CommunityList */ = {
			isa = PBXNativeTarget;
			buildConfigurationList = E0139C7128DFFE56006DC789 /* Build configuration list for PBXNativeTarget "Dailly_Challenge_CommunityList" */;
			buildPhases = (
				E0139C5928DFFE55006DC789 /* Sources */,
				E0139C5A28DFFE55006DC789 /* Frameworks */,
				E0139C5B28DFFE55006DC789 /* Resources */,
			);
			buildRules = (
			);
			dependencies = (
			);
			name = Dailly_Challenge_CommunityList;
			packageProductDependencies = (
				E0139C7C28E0126F006DC789 /* SnapKit */,
			);
			productName = Dailly_Challenge_CommunityList;
			productReference = E0139C5D28DFFE55006DC789 /* Dailly_Challenge_CommunityList.app */;
			productType = "com.apple.product-type.application";
		};
/* End PBXNativeTarget section */

/* Begin PBXProject section */
		E0139C5528DFFE55006DC789 /* Project object */ = {
			isa = PBXProject;
			attributes = {
				BuildIndependentTargetsInParallel = 1;
				LastSwiftUpdateCheck = 1400;
				LastUpgradeCheck = 1400;
				TargetAttributes = {
					E0139C5C28DFFE55006DC789 = {
						CreatedOnToolsVersion = 14.0;
					};
				};
			};
			buildConfigurationList = E0139C5828DFFE55006DC789 /* Build configuration list for PBXProject "Dailly_Challenge_CommunityList" */;
			compatibilityVersion = "Xcode 14.0";
			developmentRegion = en;
			hasScannedForEncodings = 0;
			knownRegions = (
				en,
				Base,
			);
			mainGroup = E0139C5428DFFE55006DC789;
			packageReferences = (
				E0139C7B28E0126F006DC789 /* XCRemoteSwiftPackageReference "SnapKit" */,
			);
			productRefGroup = E0139C5E28DFFE55006DC789 /* Products */;
			projectDirPath = "";
			projectRoot = "";
			targets = (
				E0139C5C28DFFE55006DC789 /* Dailly_Challenge_CommunityList */,
			);
		};
/* End PBXProject section */

/* Begin PBXResourcesBuildPhase section */
		E0139C5B28DFFE55006DC789 /* Resources */ = {
			isa = PBXResourcesBuildPhase;
			buildActionMask = 2147483647;
			files = (
				E0139CAB28E2CADF006DC789 /* CategoryCVC.xib in Resources */,
				E0139CBD28E438A3006DC789 /* CategoryFooter.xib in Resources */,
				E0139CC128E43ADF006DC789 /* DetailCategoryHeader.xib in Resources */,
				E0139C6D28DFFE56006DC789 /* LaunchScreen.storyboard in Resources */,
				E0139CAD28E2DC2D006DC789 /* CategoryHeader.xib in Resources */,
				F26D1A6028E2EFBC000976DB /* NanumGothic-Regular.ttf in Resources */,
				E0139CB328E3DC34006DC789 /* RecommendedcategoryCVC.xib in Resources */,
				F26D1A6228E2EFBC000976DB /* NanumGothic-ExtraBold.ttf in Resources */,
				E0139CB728E3E549006DC789 /* VerticalCategoryCVC.xib in Resources */,
				E0139C6A28DFFE56006DC789 /* Assets.xcassets in Resources */,
				F26D1A6128E2EFBC000976DB /* NanumGothic-Bold.ttf in Resources */,
				E0FC2A4C28EA9A3200055538 /* DetailCategoryFooter.xib in Resources */,
				E0139C6828DFFE55006DC789 /* Main.storyboard in Resources */,
			);
			runOnlyForDeploymentPostprocessing = 0;
		};
/* End PBXResourcesBuildPhase section */

/* Begin PBXSourcesBuildPhase section */
		E0139C5928DFFE55006DC789 /* Sources */ = {
			isa = PBXSourcesBuildPhase;
			buildActionMask = 2147483647;
			files = (
				E0139C9A28E163D2006DC789 /* CategoryModel.swift in Sources */,
				E0139C9728E15FA4006DC789 /* CategoryCVC.swift in Sources */,
				E0139C6528DFFE55006DC789 /* CustomerCenterVC.swift in Sources */,
				E0139C6128DFFE55006DC789 /* AppDelegate.swift in Sources */,
				E0139C7A28E0123A006DC789 /* CustomNavigatonBar.swift in Sources */,
				E0FC2A4A28EA9A2400055538 /* DetailCategoryFooter.swift in Sources */,
				E0139C8528E01388006DC789 /* Int+EXT.swift in Sources */,
				E0139C9E28E2A47D006DC789 /* CategoryHeader.swift in Sources */,
				E0139CBB28E4388C006DC789 /* CategoryFooter.swift in Sources */,
				E0139C9428E13C4C006DC789 /* CustomTextField.swift in Sources */,
				E0139C9228E13450006DC789 /* BasePaddingLabel.swift in Sources */,
				E0139CB528E3E538006DC789 /* VerticalCategoryCVC.swift in Sources */,
				E0139C8F28E02619006DC789 /* UIFont+EXT.swift in Sources */,
				E0139C8328E012F0006DC789 /* UIView+EXT.swift in Sources */,
				E0139CBF28E43AC4006DC789 /* DetailCategoryHeader.swift in Sources */,
				E0139C6328DFFE55006DC789 /* SceneDelegate.swift in Sources */,
				E0139C8728E013D0006DC789 /* UILabel+EXT.swift in Sources */,
				E0139CB028E3DB5D006DC789 /* RecommendedcategoryCVC.swift in Sources */,
			);
			runOnlyForDeploymentPostprocessing = 0;
		};
/* End PBXSourcesBuildPhase section */

/* Begin PBXVariantGroup section */
		E0139C6628DFFE55006DC789 /* Main.storyboard */ = {
			isa = PBXVariantGroup;
			children = (
				E0139C6728DFFE55006DC789 /* Base */,
			);
			name = Main.storyboard;
			sourceTree = "<group>";
		};
		E0139C6B28DFFE56006DC789 /* LaunchScreen.storyboard */ = {
			isa = PBXVariantGroup;
			children = (
				E0139C6C28DFFE56006DC789 /* Base */,
			);
			name = LaunchScreen.storyboard;
			sourceTree = "<group>";
		};
/* End PBXVariantGroup section */

/* Begin XCBuildConfiguration section */
		E0139C6F28DFFE56006DC789 /* Debug */ = {
			isa = XCBuildConfiguration;
			buildSettings = {
				ALWAYS_SEARCH_USER_PATHS = NO;
				CLANG_ANALYZER_NONNULL = YES;
				CLANG_ANALYZER_NUMBER_OBJECT_CONVERSION = YES_AGGRESSIVE;
				CLANG_CXX_LANGUAGE_STANDARD = "gnu++20";
				CLANG_ENABLE_MODULES = YES;
				CLANG_ENABLE_OBJC_ARC = YES;
				CLANG_ENABLE_OBJC_WEAK = YES;
				CLANG_WARN_BLOCK_CAPTURE_AUTORELEASING = YES;
				CLANG_WARN_BOOL_CONVERSION = YES;
				CLANG_WARN_COMMA = YES;
				CLANG_WARN_CONSTANT_CONVERSION = YES;
				CLANG_WARN_DEPRECATED_OBJC_IMPLEMENTATIONS = YES;
				CLANG_WARN_DIRECT_OBJC_ISA_USAGE = YES_ERROR;
				CLANG_WARN_DOCUMENTATION_COMMENTS = YES;
				CLANG_WARN_EMPTY_BODY = YES;
				CLANG_WARN_ENUM_CONVERSION = YES;
				CLANG_WARN_INFINITE_RECURSION = YES;
				CLANG_WARN_INT_CONVERSION = YES;
				CLANG_WARN_NON_LITERAL_NULL_CONVERSION = YES;
				CLANG_WARN_OBJC_IMPLICIT_RETAIN_SELF = YES;
				CLANG_WARN_OBJC_LITERAL_CONVERSION = YES;
				CLANG_WARN_OBJC_ROOT_CLASS = YES_ERROR;
				CLANG_WARN_QUOTED_INCLUDE_IN_FRAMEWORK_HEADER = YES;
				CLANG_WARN_RANGE_LOOP_ANALYSIS = YES;
				CLANG_WARN_STRICT_PROTOTYPES = YES;
				CLANG_WARN_SUSPICIOUS_MOVE = YES;
				CLANG_WARN_UNGUARDED_AVAILABILITY = YES_AGGRESSIVE;
				CLANG_WARN_UNREACHABLE_CODE = YES;
				CLANG_WARN__DUPLICATE_METHOD_MATCH = YES;
				COPY_PHASE_STRIP = NO;
				DEBUG_INFORMATION_FORMAT = dwarf;
				ENABLE_STRICT_OBJC_MSGSEND = YES;
				ENABLE_TESTABILITY = YES;
				GCC_C_LANGUAGE_STANDARD = gnu11;
				GCC_DYNAMIC_NO_PIC = NO;
				GCC_NO_COMMON_BLOCKS = YES;
				GCC_OPTIMIZATION_LEVEL = 0;
				GCC_PREPROCESSOR_DEFINITIONS = (
					"DEBUG=1",
					"$(inherited)",
				);
				GCC_WARN_64_TO_32_BIT_CONVERSION = YES;
				GCC_WARN_ABOUT_RETURN_TYPE = YES_ERROR;
				GCC_WARN_UNDECLARED_SELECTOR = YES;
				GCC_WARN_UNINITIALIZED_AUTOS = YES_AGGRESSIVE;
				GCC_WARN_UNUSED_FUNCTION = YES;
				GCC_WARN_UNUSED_VARIABLE = YES;
				IPHONEOS_DEPLOYMENT_TARGET = 16.0;
				MTL_ENABLE_DEBUG_INFO = INCLUDE_SOURCE;
				MTL_FAST_MATH = YES;
				ONLY_ACTIVE_ARCH = YES;
				SDKROOT = iphoneos;
				SWIFT_ACTIVE_COMPILATION_CONDITIONS = DEBUG;
				SWIFT_OPTIMIZATION_LEVEL = "-Onone";
			};
			name = Debug;
		};
		E0139C7028DFFE56006DC789 /* Release */ = {
			isa = XCBuildConfiguration;
			buildSettings = {
				ALWAYS_SEARCH_USER_PATHS = NO;
				CLANG_ANALYZER_NONNULL = YES;
				CLANG_ANALYZER_NUMBER_OBJECT_CONVERSION = YES_AGGRESSIVE;
				CLANG_CXX_LANGUAGE_STANDARD = "gnu++20";
				CLANG_ENABLE_MODULES = YES;
				CLANG_ENABLE_OBJC_ARC = YES;
				CLANG_ENABLE_OBJC_WEAK = YES;
				CLANG_WARN_BLOCK_CAPTURE_AUTORELEASING = YES;
				CLANG_WARN_BOOL_CONVERSION = YES;
				CLANG_WARN_COMMA = YES;
				CLANG_WARN_CONSTANT_CONVERSION = YES;
				CLANG_WARN_DEPRECATED_OBJC_IMPLEMENTATIONS = YES;
				CLANG_WARN_DIRECT_OBJC_ISA_USAGE = YES_ERROR;
				CLANG_WARN_DOCUMENTATION_COMMENTS = YES;
				CLANG_WARN_EMPTY_BODY = YES;
				CLANG_WARN_ENUM_CONVERSION = YES;
				CLANG_WARN_INFINITE_RECURSION = YES;
				CLANG_WARN_INT_CONVERSION = YES;
				CLANG_WARN_NON_LITERAL_NULL_CONVERSION = YES;
				CLANG_WARN_OBJC_IMPLICIT_RETAIN_SELF = YES;
				CLANG_WARN_OBJC_LITERAL_CONVERSION = YES;
				CLANG_WARN_OBJC_ROOT_CLASS = YES_ERROR;
				CLANG_WARN_QUOTED_INCLUDE_IN_FRAMEWORK_HEADER = YES;
				CLANG_WARN_RANGE_LOOP_ANALYSIS = YES;
				CLANG_WARN_STRICT_PROTOTYPES = YES;
				CLANG_WARN_SUSPICIOUS_MOVE = YES;
				CLANG_WARN_UNGUARDED_AVAILABILITY = YES_AGGRESSIVE;
				CLANG_WARN_UNREACHABLE_CODE = YES;
				CLANG_WARN__DUPLICATE_METHOD_MATCH = YES;
				COPY_PHASE_STRIP = NO;
				DEBUG_INFORMATION_FORMAT = "dwarf-with-dsym";
				ENABLE_NS_ASSERTIONS = NO;
				ENABLE_STRICT_OBJC_MSGSEND = YES;
				GCC_C_LANGUAGE_STANDARD = gnu11;
				GCC_NO_COMMON_BLOCKS = YES;
				GCC_WARN_64_TO_32_BIT_CONVERSION = YES;
				GCC_WARN_ABOUT_RETURN_TYPE = YES_ERROR;
				GCC_WARN_UNDECLARED_SELECTOR = YES;
				GCC_WARN_UNINITIALIZED_AUTOS = YES_AGGRESSIVE;
				GCC_WARN_UNUSED_FUNCTION = YES;
				GCC_WARN_UNUSED_VARIABLE = YES;
				IPHONEOS_DEPLOYMENT_TARGET = 16.0;
				MTL_ENABLE_DEBUG_INFO = NO;
				MTL_FAST_MATH = YES;
				SDKROOT = iphoneos;
				SWIFT_COMPILATION_MODE = wholemodule;
				SWIFT_OPTIMIZATION_LEVEL = "-O";
				VALIDATE_PRODUCT = YES;
			};
			name = Release;
		};
		E0139C7228DFFE56006DC789 /* Debug */ = {
			isa = XCBuildConfiguration;
			buildSettings = {
				ASSETCATALOG_COMPILER_APPICON_NAME = AppIcon;
				ASSETCATALOG_COMPILER_GLOBAL_ACCENT_COLOR_NAME = AccentColor;
				CODE_SIGN_IDENTITY = "Apple Development";
				CODE_SIGN_STYLE = Automatic;
				CURRENT_PROJECT_VERSION = 1;
				DEVELOPMENT_TEAM = 7A8HJKU9L3;
				GENERATE_INFOPLIST_FILE = YES;
				INFOPLIST_FILE = Dailly_Challenge_CommunityList/Info.plist;
				INFOPLIST_KEY_UIApplicationSupportsIndirectInputEvents = YES;
				INFOPLIST_KEY_UILaunchStoryboardName = LaunchScreen;
				INFOPLIST_KEY_UIMainStoryboardFile = Main;
				INFOPLIST_KEY_UISupportedInterfaceOrientations_iPad = "UIInterfaceOrientationPortrait UIInterfaceOrientationPortraitUpsideDown UIInterfaceOrientationLandscapeLeft UIInterfaceOrientationLandscapeRight";
				INFOPLIST_KEY_UISupportedInterfaceOrientations_iPhone = "UIInterfaceOrientationPortrait UIInterfaceOrientationLandscapeLeft UIInterfaceOrientationLandscapeRight";
				IPHONEOS_DEPLOYMENT_TARGET = 16.0;
				LD_RUNPATH_SEARCH_PATHS = (
					"$(inherited)",
					"@executable_path/Frameworks",
				);
				MARKETING_VERSION = 1.0;
				PRODUCT_BUNDLE_IDENTIFIER = "com.hertz.Dailly-Challenge-CommunityList";
				PRODUCT_NAME = "$(TARGET_NAME)";
				PROVISIONING_PROFILE_SPECIFIER = "";
				SWIFT_EMIT_LOC_STRINGS = YES;
				SWIFT_VERSION = 5.0;
				TARGETED_DEVICE_FAMILY = "1,2";
			};
			name = Debug;
		};
		E0139C7328DFFE56006DC789 /* Release */ = {
			isa = XCBuildConfiguration;
			buildSettings = {
				ASSETCATALOG_COMPILER_APPICON_NAME = AppIcon;
				ASSETCATALOG_COMPILER_GLOBAL_ACCENT_COLOR_NAME = AccentColor;
				CODE_SIGN_IDENTITY = "Apple Development";
				CODE_SIGN_STYLE = Automatic;
				CURRENT_PROJECT_VERSION = 1;
				DEVELOPMENT_TEAM = 7A8HJKU9L3;
				GENERATE_INFOPLIST_FILE = YES;
				INFOPLIST_FILE = Dailly_Challenge_CommunityList/Info.plist;
				INFOPLIST_KEY_UIApplicationSupportsIndirectInputEvents = YES;
				INFOPLIST_KEY_UILaunchStoryboardName = LaunchScreen;
				INFOPLIST_KEY_UIMainStoryboardFile = Main;
				INFOPLIST_KEY_UISupportedInterfaceOrientations_iPad = "UIInterfaceOrientationPortrait UIInterfaceOrientationPortraitUpsideDown UIInterfaceOrientationLandscapeLeft UIInterfaceOrientationLandscapeRight";
				INFOPLIST_KEY_UISupportedInterfaceOrientations_iPhone = "UIInterfaceOrientationPortrait UIInterfaceOrientationLandscapeLeft UIInterfaceOrientationLandscapeRight";
				IPHONEOS_DEPLOYMENT_TARGET = 16.0;
				LD_RUNPATH_SEARCH_PATHS = (
					"$(inherited)",
					"@executable_path/Frameworks",
				);
				MARKETING_VERSION = 1.0;
				PRODUCT_BUNDLE_IDENTIFIER = "com.hertz.Dailly-Challenge-CommunityList";
				PRODUCT_NAME = "$(TARGET_NAME)";
				PROVISIONING_PROFILE_SPECIFIER = "";
				SWIFT_EMIT_LOC_STRINGS = YES;
				SWIFT_VERSION = 5.0;
				TARGETED_DEVICE_FAMILY = "1,2";
			};
			name = Release;
		};
/* End XCBuildConfiguration section */

/* Begin XCConfigurationList section */
		E0139C5828DFFE55006DC789 /* Build configuration list for PBXProject "Dailly_Challenge_CommunityList" */ = {
			isa = XCConfigurationList;
			buildConfigurations = (
				E0139C6F28DFFE56006DC789 /* Debug */,
				E0139C7028DFFE56006DC789 /* Release */,
			);
			defaultConfigurationIsVisible = 0;
			defaultConfigurationName = Release;
		};
		E0139C7128DFFE56006DC789 /* Build configuration list for PBXNativeTarget "Dailly_Challenge_CommunityList" */ = {
			isa = XCConfigurationList;
			buildConfigurations = (
				E0139C7228DFFE56006DC789 /* Debug */,
				E0139C7328DFFE56006DC789 /* Release */,
			);
			defaultConfigurationIsVisible = 0;
			defaultConfigurationName = Release;
		};
/* End XCConfigurationList section */

/* Begin XCRemoteSwiftPackageReference section */
		E0139C7B28E0126F006DC789 /* XCRemoteSwiftPackageReference "SnapKit" */ = {
			isa = XCRemoteSwiftPackageReference;
			repositoryURL = "https://github.com/SnapKit/SnapKit.git";
			requirement = {
				branch = develop;
				kind = branch;
			};
		};
/* End XCRemoteSwiftPackageReference section */

/* Begin XCSwiftPackageProductDependency section */
		E0139C7C28E0126F006DC789 /* SnapKit */ = {
			isa = XCSwiftPackageProductDependency;
			package = E0139C7B28E0126F006DC789 /* XCRemoteSwiftPackageReference "SnapKit" */;
			productName = SnapKit;
		};
/* End XCSwiftPackageProductDependency section */
	};
	rootObject = E0139C5528DFFE55006DC789 /* Project object */;
}
