// !$*UTF8*$!
{
	archiveVersion = 1;
	classes = {
	};
	objectVersion = 56;
	objects = {

/* Begin PBXBuildFile section */
		E011371528DEE1EC00FF837F /* UIView+EXT.swift in Sources */ = {isa = PBXBuildFile; fileRef = E011371428DEE1EC00FF837F /* UIView+EXT.swift */; };
		E011371728DEE21000FF837F /* Int+EXT.swift in Sources */ = {isa = PBXBuildFile; fileRef = E011371628DEE21000FF837F /* Int+EXT.swift */; };
		E011371928DEE23D00FF837F /* UILabel+EXT.swift in Sources */ = {isa = PBXBuildFile; fileRef = E011371828DEE23D00FF837F /* UILabel+EXT.swift */; };
		E011371B28DEEC8200FF837F /* DetailVC.storyboard in Resources */ = {isa = PBXBuildFile; fileRef = E011371A28DEEC8200FF837F /* DetailVC.storyboard */; };
		E011371D28DEECB200FF837F /* DetailVC.swift in Sources */ = {isa = PBXBuildFile; fileRef = E011371C28DEECB200FF837F /* DetailVC.swift */; };
		E011372028DF092400FF837F /* DetailTVC.swift in Sources */ = {isa = PBXBuildFile; fileRef = E011371E28DF092400FF837F /* DetailTVC.swift */; };
		E011372128DF092400FF837F /* DetailTVC.xib in Resources */ = {isa = PBXBuildFile; fileRef = E011371F28DF092400FF837F /* DetailTVC.xib */; };
		E011372328DF09E100FF837F /* CustomerServiceCenterModel.swift in Sources */ = {isa = PBXBuildFile; fileRef = E011372228DF09E100FF837F /* CustomerServiceCenterModel.swift */; };
		E0139C4B28DFF0B7006DC789 /* QuestionsVC.storyboard in Resources */ = {isa = PBXBuildFile; fileRef = E0139C4A28DFF0B7006DC789 /* QuestionsVC.storyboard */; };
		E0139C4D28DFF0D9006DC789 /* QuestionsVC.swift in Sources */ = {isa = PBXBuildFile; fileRef = E0139C4C28DFF0D9006DC789 /* QuestionsVC.swift */; };
		E0139C4F28DFF3C1006DC789 /* AdverticeVC.storyboard in Resources */ = {isa = PBXBuildFile; fileRef = E0139C4E28DFF3C1006DC789 /* AdverticeVC.storyboard */; };
		E0139C5128DFF3EB006DC789 /* AdverticeVC.swift in Sources */ = {isa = PBXBuildFile; fileRef = E0139C5028DFF3EB006DC789 /* AdverticeVC.swift */; };
		E0139C5328DFF91B006DC789 /* SalesVC.swift in Sources */ = {isa = PBXBuildFile; fileRef = E0139C5228DFF91B006DC789 /* SalesVC.swift */; };
		E0E2D85D28DECDA40081CA9E /* AppDelegate.swift in Sources */ = {isa = PBXBuildFile; fileRef = E0E2D85C28DECDA40081CA9E /* AppDelegate.swift */; };
		E0E2D85F28DECDA40081CA9E /* SceneDelegate.swift in Sources */ = {isa = PBXBuildFile; fileRef = E0E2D85E28DECDA40081CA9E /* SceneDelegate.swift */; };
		E0E2D86128DECDA40081CA9E /* MoreListVC.swift in Sources */ = {isa = PBXBuildFile; fileRef = E0E2D86028DECDA40081CA9E /* MoreListVC.swift */; };
		E0E2D86428DECDA40081CA9E /* Main.storyboard in Resources */ = {isa = PBXBuildFile; fileRef = E0E2D86228DECDA40081CA9E /* Main.storyboard */; };
		E0E2D86628DECDA50081CA9E /* Assets.xcassets in Resources */ = {isa = PBXBuildFile; fileRef = E0E2D86528DECDA50081CA9E /* Assets.xcassets */; };
		E0E2D86928DECDA50081CA9E /* LaunchScreen.storyboard in Resources */ = {isa = PBXBuildFile; fileRef = E0E2D86728DECDA50081CA9E /* LaunchScreen.storyboard */; };
		E0E2D87B28DED0360081CA9E /* MoreListTVC.swift in Sources */ = {isa = PBXBuildFile; fileRef = E0E2D87928DED0360081CA9E /* MoreListTVC.swift */; };
		E0E2D87C28DED0360081CA9E /* MoreListTVC.xib in Resources */ = {isa = PBXBuildFile; fileRef = E0E2D87A28DED0360081CA9E /* MoreListTVC.xib */; };
		E0E2D87E28DED70C0081CA9E /* MoreListModel.swift in Sources */ = {isa = PBXBuildFile; fileRef = E0E2D87D28DED70C0081CA9E /* MoreListModel.swift */; };
/* End PBXBuildFile section */

/* Begin PBXFileReference section */
		E011371428DEE1EC00FF837F /* UIView+EXT.swift */ = {isa = PBXFileReference; lastKnownFileType = sourcecode.swift; path = "UIView+EXT.swift"; sourceTree = "<group>"; };
		E011371628DEE21000FF837F /* Int+EXT.swift */ = {isa = PBXFileReference; lastKnownFileType = sourcecode.swift; path = "Int+EXT.swift"; sourceTree = "<group>"; };
		E011371828DEE23D00FF837F /* UILabel+EXT.swift */ = {isa = PBXFileReference; lastKnownFileType = sourcecode.swift; path = "UILabel+EXT.swift"; sourceTree = "<group>"; };
		E011371A28DEEC8200FF837F /* DetailVC.storyboard */ = {isa = PBXFileReference; lastKnownFileType = file.storyboard; path = DetailVC.storyboard; sourceTree = "<group>"; };
		E011371C28DEECB200FF837F /* DetailVC.swift */ = {isa = PBXFileReference; lastKnownFileType = sourcecode.swift; path = DetailVC.swift; sourceTree = "<group>"; };
		E011371E28DF092400FF837F /* DetailTVC.swift */ = {isa = PBXFileReference; lastKnownFileType = sourcecode.swift; path = DetailTVC.swift; sourceTree = "<group>"; };
		E011371F28DF092400FF837F /* DetailTVC.xib */ = {isa = PBXFileReference; lastKnownFileType = file.xib; path = DetailTVC.xib; sourceTree = "<group>"; };
		E011372228DF09E100FF837F /* CustomerServiceCenterModel.swift */ = {isa = PBXFileReference; lastKnownFileType = sourcecode.swift; path = CustomerServiceCenterModel.swift; sourceTree = "<group>"; };
		E0139C4A28DFF0B7006DC789 /* QuestionsVC.storyboard */ = {isa = PBXFileReference; lastKnownFileType = file.storyboard; path = QuestionsVC.storyboard; sourceTree = "<group>"; };
		E0139C4C28DFF0D9006DC789 /* QuestionsVC.swift */ = {isa = PBXFileReference; lastKnownFileType = sourcecode.swift; path = QuestionsVC.swift; sourceTree = "<group>"; };
		E0139C4E28DFF3C1006DC789 /* AdverticeVC.storyboard */ = {isa = PBXFileReference; lastKnownFileType = file.storyboard; path = AdverticeVC.storyboard; sourceTree = "<group>"; };
		E0139C5028DFF3EB006DC789 /* AdverticeVC.swift */ = {isa = PBXFileReference; lastKnownFileType = sourcecode.swift; path = AdverticeVC.swift; sourceTree = "<group>"; };
		E0139C5228DFF91B006DC789 /* SalesVC.swift */ = {isa = PBXFileReference; lastKnownFileType = sourcecode.swift; path = SalesVC.swift; sourceTree = "<group>"; };
		E0E2D85928DECDA40081CA9E /* Dailly_Challenge_MoreList.app */ = {isa = PBXFileReference; explicitFileType = wrapper.application; includeInIndex = 0; path = Dailly_Challenge_MoreList.app; sourceTree = BUILT_PRODUCTS_DIR; };
		E0E2D85C28DECDA40081CA9E /* AppDelegate.swift */ = {isa = PBXFileReference; lastKnownFileType = sourcecode.swift; path = AppDelegate.swift; sourceTree = "<group>"; };
		E0E2D85E28DECDA40081CA9E /* SceneDelegate.swift */ = {isa = PBXFileReference; lastKnownFileType = sourcecode.swift; path = SceneDelegate.swift; sourceTree = "<group>"; };
		E0E2D86028DECDA40081CA9E /* MoreListVC.swift */ = {isa = PBXFileReference; lastKnownFileType = sourcecode.swift; path = MoreListVC.swift; sourceTree = "<group>"; };
		E0E2D86328DECDA40081CA9E /* Base */ = {isa = PBXFileReference; lastKnownFileType = file.storyboard; name = Base; path = Base.lproj/Main.storyboard; sourceTree = "<group>"; };
		E0E2D86528DECDA50081CA9E /* Assets.xcassets */ = {isa = PBXFileReference; lastKnownFileType = folder.assetcatalog; path = Assets.xcassets; sourceTree = "<group>"; };
		E0E2D86828DECDA50081CA9E /* Base */ = {isa = PBXFileReference; lastKnownFileType = file.storyboard; name = Base; path = Base.lproj/LaunchScreen.storyboard; sourceTree = "<group>"; };
		E0E2D86A28DECDA50081CA9E /* Info.plist */ = {isa = PBXFileReference; lastKnownFileType = text.plist.xml; path = Info.plist; sourceTree = "<group>"; };
		E0E2D87128DECECF0081CA9E /* NanumGothic-Bold.ttf */ = {isa = PBXFileReference; lastKnownFileType = file; name = "NanumGothic-Bold.ttf"; path = "../../../../../../Downloads/Nanum_Gothic (5)/NanumGothic-Bold.ttf"; sourceTree = "<group>"; };
		E0E2D87228DECECF0081CA9E /* NanumGothic-ExtraBold.ttf */ = {isa = PBXFileReference; lastKnownFileType = file; name = "NanumGothic-ExtraBold.ttf"; path = "../../../../../../Downloads/Nanum_Gothic (5)/NanumGothic-ExtraBold.ttf"; sourceTree = "<group>"; };
		E0E2D87328DECECF0081CA9E /* NanumGothic-Regular.ttf */ = {isa = PBXFileReference; lastKnownFileType = file; name = "NanumGothic-Regular.ttf"; path = "../../../../../../Downloads/Nanum_Gothic (5)/NanumGothic-Regular.ttf"; sourceTree = "<group>"; };
		E0E2D87928DED0360081CA9E /* MoreListTVC.swift */ = {isa = PBXFileReference; lastKnownFileType = sourcecode.swift; path = MoreListTVC.swift; sourceTree = "<group>"; };
		E0E2D87A28DED0360081CA9E /* MoreListTVC.xib */ = {isa = PBXFileReference; lastKnownFileType = file.xib; path = MoreListTVC.xib; sourceTree = "<group>"; };
		E0E2D87D28DED70C0081CA9E /* MoreListModel.swift */ = {isa = PBXFileReference; lastKnownFileType = sourcecode.swift; path = MoreListModel.swift; sourceTree = "<group>"; };
/* End PBXFileReference section */

/* Begin PBXFrameworksBuildPhase section */
		E0E2D85628DECDA40081CA9E /* Frameworks */ = {
			isa = PBXFrameworksBuildPhase;
			buildActionMask = 2147483647;
			files = (
			);
			runOnlyForDeploymentPostprocessing = 0;
		};
/* End PBXFrameworksBuildPhase section */

/* Begin PBXGroup section */
		E0E2D85028DECDA40081CA9E = {
			isa = PBXGroup;
			children = (
				E0E2D85B28DECDA40081CA9E /* Dailly_Challenge_MoreList */,
				E0E2D85A28DECDA40081CA9E /* Products */,
			);
			sourceTree = "<group>";
		};
		E0E2D85A28DECDA40081CA9E /* Products */ = {
			isa = PBXGroup;
			children = (
				E0E2D85928DECDA40081CA9E /* Dailly_Challenge_MoreList.app */,
			);
			name = Products;
			sourceTree = "<group>";
		};
		E0E2D85B28DECDA40081CA9E /* Dailly_Challenge_MoreList */ = {
			isa = PBXGroup;
			children = (
				E0E2D87728DECEFE0081CA9E /* EXT */,
				E0E2D87628DECEF80081CA9E /* Models */,
				E0E2D87528DECEF20081CA9E /* Views */,
				E0E2D87428DECEEB0081CA9E /* Controllers */,
				E0E2D87028DECEB60081CA9E /* Fonts */,
				E0E2D85C28DECDA40081CA9E /* AppDelegate.swift */,
				E0E2D85E28DECDA40081CA9E /* SceneDelegate.swift */,
				E0E2D86528DECDA50081CA9E /* Assets.xcassets */,
				E0E2D86A28DECDA50081CA9E /* Info.plist */,
			);
			path = Dailly_Challenge_MoreList;
			sourceTree = "<group>";
		};
		E0E2D87028DECEB60081CA9E /* Fonts */ = {
			isa = PBXGroup;
			children = (
				E0E2D87128DECECF0081CA9E /* NanumGothic-Bold.ttf */,
				E0E2D87228DECECF0081CA9E /* NanumGothic-ExtraBold.ttf */,
				E0E2D87328DECECF0081CA9E /* NanumGothic-Regular.ttf */,
			);
			path = Fonts;
			sourceTree = "<group>";
		};
		E0E2D87428DECEEB0081CA9E /* Controllers */ = {
			isa = PBXGroup;
			children = (
				E0E2D86028DECDA40081CA9E /* MoreListVC.swift */,
				E011371C28DEECB200FF837F /* DetailVC.swift */,
				E0139C4C28DFF0D9006DC789 /* QuestionsVC.swift */,
				E0139C5028DFF3EB006DC789 /* AdverticeVC.swift */,
				E0139C5228DFF91B006DC789 /* SalesVC.swift */,
			);
			path = Controllers;
			sourceTree = "<group>";
		};
		E0E2D87528DECEF20081CA9E /* Views */ = {
			isa = PBXGroup;
			children = (
				E0E2D86728DECDA50081CA9E /* LaunchScreen.storyboard */,
				E0E2D86228DECDA40081CA9E /* Main.storyboard */,
				E011371A28DEEC8200FF837F /* DetailVC.storyboard */,
				E0139C4A28DFF0B7006DC789 /* QuestionsVC.storyboard */,
				E0139C4E28DFF3C1006DC789 /* AdverticeVC.storyboard */,
				E0E2D87828DECF0C0081CA9E /* Cells */,
			);
			path = Views;
			sourceTree = "<group>";
		};
		E0E2D87628DECEF80081CA9E /* Models */ = {
			isa = PBXGroup;
			children = (
				E0E2D87D28DED70C0081CA9E /* MoreListModel.swift */,
				E011372228DF09E100FF837F /* CustomerServiceCenterModel.swift */,
			);
			path = Models;
			sourceTree = "<group>";
		};
		E0E2D87728DECEFE0081CA9E /* EXT */ = {
			isa = PBXGroup;
			children = (
				E011371428DEE1EC00FF837F /* UIView+EXT.swift */,
				E011371628DEE21000FF837F /* Int+EXT.swift */,
				E011371828DEE23D00FF837F /* UILabel+EXT.swift */,
			);
			path = EXT;
			sourceTree = "<group>";
		};
		E0E2D87828DECF0C0081CA9E /* Cells */ = {
			isa = PBXGroup;
			children = (
				E0E2D87928DED0360081CA9E /* MoreListTVC.swift */,
				E0E2D87A28DED0360081CA9E /* MoreListTVC.xib */,
				E011371E28DF092400FF837F /* DetailTVC.swift */,
				E011371F28DF092400FF837F /* DetailTVC.xib */,
			);
			path = Cells;
			sourceTree = "<group>";
		};
/* End PBXGroup section */

/* Begin PBXNativeTarget section */
		E0E2D85828DECDA40081CA9E /* Dailly_Challenge_MoreList */ = {
			isa = PBXNativeTarget;
			buildConfigurationList = E0E2D86D28DECDA50081CA9E /* Build configuration list for PBXNativeTarget "Dailly_Challenge_MoreList" */;
			buildPhases = (
				E0E2D85528DECDA40081CA9E /* Sources */,
				E0E2D85628DECDA40081CA9E /* Frameworks */,
				E0E2D85728DECDA40081CA9E /* Resources */,
			);
			buildRules = (
			);
			dependencies = (
			);
			name = Dailly_Challenge_MoreList;
			productName = Dailly_Challenge_MoreList;
			productReference = E0E2D85928DECDA40081CA9E /* Dailly_Challenge_MoreList.app */;
			productType = "com.apple.product-type.application";
		};
/* End PBXNativeTarget section */

/* Begin PBXProject section */
		E0E2D85128DECDA40081CA9E /* Project object */ = {
			isa = PBXProject;
			attributes = {
				BuildIndependentTargetsInParallel = 1;
				LastSwiftUpdateCheck = 1400;
				LastUpgradeCheck = 1400;
				TargetAttributes = {
					E0E2D85828DECDA40081CA9E = {
						CreatedOnToolsVersion = 14.0;
					};
				};
			};
			buildConfigurationList = E0E2D85428DECDA40081CA9E /* Build configuration list for PBXProject "Dailly_Challenge_MoreList" */;
			compatibilityVersion = "Xcode 14.0";
			developmentRegion = en;
			hasScannedForEncodings = 0;
			knownRegions = (
				en,
				Base,
			);
			mainGroup = E0E2D85028DECDA40081CA9E;
			productRefGroup = E0E2D85A28DECDA40081CA9E /* Products */;
			projectDirPath = "";
			projectRoot = "";
			targets = (
				E0E2D85828DECDA40081CA9E /* Dailly_Challenge_MoreList */,
			);
		};
/* End PBXProject section */

/* Begin PBXResourcesBuildPhase section */
		E0E2D85728DECDA40081CA9E /* Resources */ = {
			isa = PBXResourcesBuildPhase;
			buildActionMask = 2147483647;
			files = (
				E011371B28DEEC8200FF837F /* DetailVC.storyboard in Resources */,
				E0E2D87C28DED0360081CA9E /* MoreListTVC.xib in Resources */,
				E011372128DF092400FF837F /* DetailTVC.xib in Resources */,
				E0E2D86928DECDA50081CA9E /* LaunchScreen.storyboard in Resources */,
				E0139C4B28DFF0B7006DC789 /* QuestionsVC.storyboard in Resources */,
				E0139C4F28DFF3C1006DC789 /* AdverticeVC.storyboard in Resources */,
				E0E2D86628DECDA50081CA9E /* Assets.xcassets in Resources */,
				E0E2D86428DECDA40081CA9E /* Main.storyboard in Resources */,
			);
			runOnlyForDeploymentPostprocessing = 0;
		};
/* End PBXResourcesBuildPhase section */

/* Begin PBXSourcesBuildPhase section */
		E0E2D85528DECDA40081CA9E /* Sources */ = {
			isa = PBXSourcesBuildPhase;
			buildActionMask = 2147483647;
			files = (
				E0E2D87E28DED70C0081CA9E /* MoreListModel.swift in Sources */,
				E0E2D87B28DED0360081CA9E /* MoreListTVC.swift in Sources */,
				E0E2D86128DECDA40081CA9E /* MoreListVC.swift in Sources */,
				E0E2D85D28DECDA40081CA9E /* AppDelegate.swift in Sources */,
				E011372328DF09E100FF837F /* CustomerServiceCenterModel.swift in Sources */,
				E011371528DEE1EC00FF837F /* UIView+EXT.swift in Sources */,
				E011371D28DEECB200FF837F /* DetailVC.swift in Sources */,
				E0139C5128DFF3EB006DC789 /* AdverticeVC.swift in Sources */,
				E011372028DF092400FF837F /* DetailTVC.swift in Sources */,
				E0139C4D28DFF0D9006DC789 /* QuestionsVC.swift in Sources */,
				E0E2D85F28DECDA40081CA9E /* SceneDelegate.swift in Sources */,
				E0139C5328DFF91B006DC789 /* SalesVC.swift in Sources */,
				E011371928DEE23D00FF837F /* UILabel+EXT.swift in Sources */,
				E011371728DEE21000FF837F /* Int+EXT.swift in Sources */,
			);
			runOnlyForDeploymentPostprocessing = 0;
		};
/* End PBXSourcesBuildPhase section */

/* Begin PBXVariantGroup section */
		E0E2D86228DECDA40081CA9E /* Main.storyboard */ = {
			isa = PBXVariantGroup;
			children = (
				E0E2D86328DECDA40081CA9E /* Base */,
			);
			name = Main.storyboard;
			sourceTree = "<group>";
		};
		E0E2D86728DECDA50081CA9E /* LaunchScreen.storyboard */ = {
			isa = PBXVariantGroup;
			children = (
				E0E2D86828DECDA50081CA9E /* Base */,
			);
			name = LaunchScreen.storyboard;
			sourceTree = "<group>";
		};
/* End PBXVariantGroup section */

/* Begin XCBuildConfiguration section */
		E0E2D86B28DECDA50081CA9E /* Debug */ = {
			isa = XCBuildConfiguration;
			buildSettings = {
				ALWAYS_SEARCH_USER_PATHS = NO;
				CLANG_ANALYZER_NONNULL = YES;
				CLANG_ANALYZER_NUMBER_OBJECT_CONVERSION = YES_AGGRESSIVE;
				CLANG_CXX_LANGUAGE_STANDARD = "gnu++20";
				CLANG_ENABLE_MODULES = YES;
				CLANG_ENABLE_OBJC_ARC = YES;
				CLANG_ENABLE_OBJC_WEAK = YES;
				CLANG_WARN_BLOCK_CAPTURE_AUTORELEASING = YES;
				CLANG_WARN_BOOL_CONVERSION = YES;
				CLANG_WARN_COMMA = YES;
				CLANG_WARN_CONSTANT_CONVERSION = YES;
				CLANG_WARN_DEPRECATED_OBJC_IMPLEMENTATIONS = YES;
				CLANG_WARN_DIRECT_OBJC_ISA_USAGE = YES_ERROR;
				CLANG_WARN_DOCUMENTATION_COMMENTS = YES;
				CLANG_WARN_EMPTY_BODY = YES;
				CLANG_WARN_ENUM_CONVERSION = YES;
				CLANG_WARN_INFINITE_RECURSION = YES;
				CLANG_WARN_INT_CONVERSION = YES;
				CLANG_WARN_NON_LITERAL_NULL_CONVERSION = YES;
				CLANG_WARN_OBJC_IMPLICIT_RETAIN_SELF = YES;
				CLANG_WARN_OBJC_LITERAL_CONVERSION = YES;
				CLANG_WARN_OBJC_ROOT_CLASS = YES_ERROR;
				CLANG_WARN_QUOTED_INCLUDE_IN_FRAMEWORK_HEADER = YES;
				CLANG_WARN_RANGE_LOOP_ANALYSIS = YES;
				CLANG_WARN_STRICT_PROTOTYPES = YES;
				CLANG_WARN_SUSPICIOUS_MOVE = YES;
				CLANG_WARN_UNGUARDED_AVAILABILITY = YES_AGGRESSIVE;
				CLANG_WARN_UNREACHABLE_CODE = YES;
				CLANG_WARN__DUPLICATE_METHOD_MATCH = YES;
				COPY_PHASE_STRIP = NO;
				DEBUG_INFORMATION_FORMAT = dwarf;
				ENABLE_STRICT_OBJC_MSGSEND = YES;
				ENABLE_TESTABILITY = YES;
				GCC_C_LANGUAGE_STANDARD = gnu11;
				GCC_DYNAMIC_NO_PIC = NO;
				GCC_NO_COMMON_BLOCKS = YES;
				GCC_OPTIMIZATION_LEVEL = 0;
				GCC_PREPROCESSOR_DEFINITIONS = (
					"DEBUG=1",
					"$(inherited)",
				);
				GCC_WARN_64_TO_32_BIT_CONVERSION = YES;
				GCC_WARN_ABOUT_RETURN_TYPE = YES_ERROR;
				GCC_WARN_UNDECLARED_SELECTOR = YES;
				GCC_WARN_UNINITIALIZED_AUTOS = YES_AGGRESSIVE;
				GCC_WARN_UNUSED_FUNCTION = YES;
				GCC_WARN_UNUSED_VARIABLE = YES;
				IPHONEOS_DEPLOYMENT_TARGET = 16.0;
				MTL_ENABLE_DEBUG_INFO = INCLUDE_SOURCE;
				MTL_FAST_MATH = YES;
				ONLY_ACTIVE_ARCH = YES;
				SDKROOT = iphoneos;
				SWIFT_ACTIVE_COMPILATION_CONDITIONS = DEBUG;
				SWIFT_OPTIMIZATION_LEVEL = "-Onone";
			};
			name = Debug;
		};
		E0E2D86C28DECDA50081CA9E /* Release */ = {
			isa = XCBuildConfiguration;
			buildSettings = {
				ALWAYS_SEARCH_USER_PATHS = NO;
				CLANG_ANALYZER_NONNULL = YES;
				CLANG_ANALYZER_NUMBER_OBJECT_CONVERSION = YES_AGGRESSIVE;
				CLANG_CXX_LANGUAGE_STANDARD = "gnu++20";
				CLANG_ENABLE_MODULES = YES;
				CLANG_ENABLE_OBJC_ARC = YES;
				CLANG_ENABLE_OBJC_WEAK = YES;
				CLANG_WARN_BLOCK_CAPTURE_AUTORELEASING = YES;
				CLANG_WARN_BOOL_CONVERSION = YES;
				CLANG_WARN_COMMA = YES;
				CLANG_WARN_CONSTANT_CONVERSION = YES;
				CLANG_WARN_DEPRECATED_OBJC_IMPLEMENTATIONS = YES;
				CLANG_WARN_DIRECT_OBJC_ISA_USAGE = YES_ERROR;
				CLANG_WARN_DOCUMENTATION_COMMENTS = YES;
				CLANG_WARN_EMPTY_BODY = YES;
				CLANG_WARN_ENUM_CONVERSION = YES;
				CLANG_WARN_INFINITE_RECURSION = YES;
				CLANG_WARN_INT_CONVERSION = YES;
				CLANG_WARN_NON_LITERAL_NULL_CONVERSION = YES;
				CLANG_WARN_OBJC_IMPLICIT_RETAIN_SELF = YES;
				CLANG_WARN_OBJC_LITERAL_CONVERSION = YES;
				CLANG_WARN_OBJC_ROOT_CLASS = YES_ERROR;
				CLANG_WARN_QUOTED_INCLUDE_IN_FRAMEWORK_HEADER = YES;
				CLANG_WARN_RANGE_LOOP_ANALYSIS = YES;
				CLANG_WARN_STRICT_PROTOTYPES = YES;
				CLANG_WARN_SUSPICIOUS_MOVE = YES;
				CLANG_WARN_UNGUARDED_AVAILABILITY = YES_AGGRESSIVE;
				CLANG_WARN_UNREACHABLE_CODE = YES;
				CLANG_WARN__DUPLICATE_METHOD_MATCH = YES;
				COPY_PHASE_STRIP = NO;
				DEBUG_INFORMATION_FORMAT = "dwarf-with-dsym";
				ENABLE_NS_ASSERTIONS = NO;
				ENABLE_STRICT_OBJC_MSGSEND = YES;
				GCC_C_LANGUAGE_STANDARD = gnu11;
				GCC_NO_COMMON_BLOCKS = YES;
				GCC_WARN_64_TO_32_BIT_CONVERSION = YES;
				GCC_WARN_ABOUT_RETURN_TYPE = YES_ERROR;
				GCC_WARN_UNDECLARED_SELECTOR = YES;
				GCC_WARN_UNINITIALIZED_AUTOS = YES_AGGRESSIVE;
				GCC_WARN_UNUSED_FUNCTION = YES;
				GCC_WARN_UNUSED_VARIABLE = YES;
				IPHONEOS_DEPLOYMENT_TARGET = 16.0;
				MTL_ENABLE_DEBUG_INFO = NO;
				MTL_FAST_MATH = YES;
				SDKROOT = iphoneos;
				SWIFT_COMPILATION_MODE = wholemodule;
				SWIFT_OPTIMIZATION_LEVEL = "-O";
				VALIDATE_PRODUCT = YES;
			};
			name = Release;
		};
		E0E2D86E28DECDA50081CA9E /* Debug */ = {
			isa = XCBuildConfiguration;
			buildSettings = {
				ASSETCATALOG_COMPILER_APPICON_NAME = AppIcon;
				ASSETCATALOG_COMPILER_GLOBAL_ACCENT_COLOR_NAME = AccentColor;
				CODE_SIGN_STYLE = Automatic;
				CURRENT_PROJECT_VERSION = 1;
				DEVELOPMENT_TEAM = 7A8HJKU9L3;
				GENERATE_INFOPLIST_FILE = YES;
				INFOPLIST_FILE = Dailly_Challenge_MoreList/Info.plist;
				INFOPLIST_KEY_UIApplicationSupportsIndirectInputEvents = YES;
				INFOPLIST_KEY_UILaunchStoryboardName = LaunchScreen;
				INFOPLIST_KEY_UIMainStoryboardFile = Main;
				INFOPLIST_KEY_UIStatusBarStyle = UIStatusBarStyleDarkContent;
				INFOPLIST_KEY_UISupportedInterfaceOrientations_iPad = "UIInterfaceOrientationPortrait UIInterfaceOrientationPortraitUpsideDown UIInterfaceOrientationLandscapeLeft UIInterfaceOrientationLandscapeRight";
				INFOPLIST_KEY_UISupportedInterfaceOrientations_iPhone = "UIInterfaceOrientationPortrait UIInterfaceOrientationLandscapeLeft UIInterfaceOrientationLandscapeRight";
				LD_RUNPATH_SEARCH_PATHS = (
					"$(inherited)",
					"@executable_path/Frameworks",
				);
				MARKETING_VERSION = 1.0;
				PRODUCT_BUNDLE_IDENTIFIER = "com.hertz.Dailly-Challenge-MoreList";
				PRODUCT_NAME = "$(TARGET_NAME)";
				SWIFT_EMIT_LOC_STRINGS = YES;
				SWIFT_VERSION = 5.0;
				TARGETED_DEVICE_FAMILY = "1,2";
			};
			name = Debug;
		};
		E0E2D86F28DECDA50081CA9E /* Release */ = {
			isa = XCBuildConfiguration;
			buildSettings = {
				ASSETCATALOG_COMPILER_APPICON_NAME = AppIcon;
				ASSETCATALOG_COMPILER_GLOBAL_ACCENT_COLOR_NAME = AccentColor;
				CODE_SIGN_STYLE = Automatic;
				CURRENT_PROJECT_VERSION = 1;
				DEVELOPMENT_TEAM = 7A8HJKU9L3;
				GENERATE_INFOPLIST_FILE = YES;
				INFOPLIST_FILE = Dailly_Challenge_MoreList/Info.plist;
				INFOPLIST_KEY_UIApplicationSupportsIndirectInputEvents = YES;
				INFOPLIST_KEY_UILaunchStoryboardName = LaunchScreen;
				INFOPLIST_KEY_UIMainStoryboardFile = Main;
				INFOPLIST_KEY_UIStatusBarStyle = UIStatusBarStyleDarkContent;
				INFOPLIST_KEY_UISupportedInterfaceOrientations_iPad = "UIInterfaceOrientationPortrait UIInterfaceOrientationPortraitUpsideDown UIInterfaceOrientationLandscapeLeft UIInterfaceOrientationLandscapeRight";
				INFOPLIST_KEY_UISupportedInterfaceOrientations_iPhone = "UIInterfaceOrientationPortrait UIInterfaceOrientationLandscapeLeft UIInterfaceOrientationLandscapeRight";
				LD_RUNPATH_SEARCH_PATHS = (
					"$(inherited)",
					"@executable_path/Frameworks",
				);
				MARKETING_VERSION = 1.0;
				PRODUCT_BUNDLE_IDENTIFIER = "com.hertz.Dailly-Challenge-MoreList";
				PRODUCT_NAME = "$(TARGET_NAME)";
				SWIFT_EMIT_LOC_STRINGS = YES;
				SWIFT_VERSION = 5.0;
				TARGETED_DEVICE_FAMILY = "1,2";
			};
			name = Release;
		};
/* End XCBuildConfiguration section */

/* Begin XCConfigurationList section */
		E0E2D85428DECDA40081CA9E /* Build configuration list for PBXProject "Dailly_Challenge_MoreList" */ = {
			isa = XCConfigurationList;
			buildConfigurations = (
				E0E2D86B28DECDA50081CA9E /* Debug */,
				E0E2D86C28DECDA50081CA9E /* Release */,
			);
			defaultConfigurationIsVisible = 0;
			defaultConfigurationName = Release;
		};
		E0E2D86D28DECDA50081CA9E /* Build configuration list for PBXNativeTarget "Dailly_Challenge_MoreList" */ = {
			isa = XCConfigurationList;
			buildConfigurations = (
				E0E2D86E28DECDA50081CA9E /* Debug */,
				E0E2D86F28DECDA50081CA9E /* Release */,
			);
			defaultConfigurationIsVisible = 0;
			defaultConfigurationName = Release;
		};
/* End XCConfigurationList section */
	};
	rootObject = E0E2D85128DECDA40081CA9E /* Project object */;
}
